PODS:
  - AppCenter (4.2.0):
    - AppCenter/Analytics (= 4.2.0)
    - AppCenter/Crashes (= 4.2.0)
  - AppCenter/Analytics (4.2.0):
    - AppCenter/Core
  - AppCenter/Core (4.2.0)
  - AppCenter/Crashes (4.2.0):
    - AppCenter/Core

DEPENDENCIES:
  - AppCenter
  - AppCenter/Analytics
  - AppCenter/Crashes

SPEC REPOS:
  trunk:
    - AppCenter

SPEC CHECKSUMS:
  AppCenter: 87ef6eefd8ade4df59e88951288587429f3dd2a5

PODFILE CHECKSUM: 786dd501ec538809c63db4d4a5e24cdafe7357da

COCOAPODS: 1.16.2
